
Microsoft Visual Studio Solution File, Format Version 12.00
# Visual Studio Version 17
VisualStudioVersion = 17.14.36518.9
MinimumVisualStudioVersion = 10.0.40219.1
Project("{FAE04EC0-301F-11D3-BF4B-00C04F79EFBC}") = "Taller_back", "Taller_back\Taller_back.csproj", "{008F9D6F-DE3A-4057-ACE0-4A09045BEF9D}"
EndProject
Project("{FAE04EC0-301F-11D3-BF4B-00C04F79EFBC}") = "Taller_back.tests", "..\..\grupo_2_proyectotests_2026\Pruebas_back\tests\Sprint 2\test_jordy_a_melany\Taller_back.productos.tests\Taller_back.tests.csproj", "{C0B9D143-2006-46EB-8849-4E39583B1995}"
EndProject
Global
	GlobalSection(SolutionConfigurationPlatforms) = preSolution
		Debug|Any CPU = Debug|Any CPU
		Release|Any CPU = Release|Any CPU
	EndGlobalSection
	GlobalSection(ProjectConfigurationPlatforms) = postSolution
		{008F9D6F-DE3A-4057-ACE0-4A09045BEF9D}.Debug|Any CPU.ActiveCfg = Debug|Any CPU
		{008F9D6F-DE3A-4057-ACE0-4A09045BEF9D}.Debug|Any CPU.Build.0 = Debug|Any CPU
		{008F9D6F-DE3A-4057-ACE0-4A09045BEF9D}.Release|Any CPU.ActiveCfg = Release|Any CPU
		{008F9D6F-DE3A-4057-ACE0-4A09045BEF9D}.Release|Any CPU.Build.0 = Release|Any CPU
		{C0B9D143-2006-46EB-8849-4E39583B1995}.Debug|Any CPU.ActiveCfg = Debug|Any CPU
		{C0B9D143-2006-46EB-8849-4E39583B1995}.Debug|Any CPU.Build.0 = Debug|Any CPU
		{C0B9D143-2006-46EB-8849-4E39583B1995}.Release|Any CPU.ActiveCfg = Release|Any CPU
		{C0B9D143-2006-46EB-8849-4E39583B1995}.Release|Any CPU.Build.0 = Release|Any CPU
	EndGlobalSection
	GlobalSection(SolutionProperties) = preSolution
		HideSolutionNode = FALSE
	EndGlobalSection
	GlobalSection(ExtensibilityGlobals) = postSolution
		SolutionGuid = {78402B98-0A39-42FF-9E72-E5153EF4A11B}
	EndGlobalSection
EndGlobal
